
Microsoft Visual Studio Solution File, Format Version 12.00
# Visual Studio Version 16
VisualStudioVersion = 16.0.31220.234
MinimumVisualStudioVersion = 10.0.40219.1
Project("{D954291E-2A0B-460D-934E-DC6B0785DB48}") = "POSUNO.Shared", "POSUNO\POSUNO.Shared\POSUNO.Shared.shproj", "{6279C845-92F8-4333-AB99-3D213163593C}"
EndProject
Project("{2150E333-8FDC-42A3-9474-1A3956D46DE8}") = "Platforms", "Platforms", "{230FAA85-0635-411B-8DDA-58C6B83AC656}"
EndProject
Project("{FAE04EC0-301F-11D3-BF4B-00C04F79EFBC}") = "POSUNO.Droid", "POSUNO\POSUNO.Droid\POSUNO.Droid.csproj", "{417B4058-49D1-4E4B-88C3-D28B50F9FB41}"
EndProject
Project("{FAE04EC0-301F-11D3-BF4B-00C04F79EFBC}") = "POSUNO.iOS", "POSUNO\POSUNO.iOS\POSUNO.iOS.csproj", "{10F28065-FB70-4BF3-B788-C9F01D4C3E89}"
EndProject
Project("{FAE04EC0-301F-11D3-BF4B-00C04F79EFBC}") = "POSUNO.UWP", "POSUNO\POSUNO.UWP\POSUNO.UWP.csproj", "{AD79376B-0302-41C7-9CD4-5A30049DEFEB}"
EndProject
Project("{FAE04EC0-301F-11D3-BF4B-00C04F79EFBC}") = "POSUNO.Wasm", "POSUNO\POSUNO.Wasm\POSUNO.Wasm.csproj", "{5C06C9BE-8760-456E-BD78-EC7E09700110}"
EndProject
Project("{FAE04EC0-301F-11D3-BF4B-00C04F79EFBC}") = "POSUNO.macOS", "POSUNO\POSUNO.macOS\POSUNO.macOS.csproj", "{84937B3C-0DCD-477F-8D96-F2BC87FA9E3C}"
EndProject
Project("{FAE04EC0-301F-11D3-BF4B-00C04F79EFBC}") = "POSUNO.Skia.Wpf.Host", "POSUNO\POSUNO.Skia.Wpf.Host\POSUNO.Skia.Wpf.Host.csproj", "{EB9296A2-55F8-4E0D-8E35-2E38FA7799D0}"
EndProject
Project("{FAE04EC0-301F-11D3-BF4B-00C04F79EFBC}") = "POSUNO.Skia.Wpf", "POSUNO\POSUNO.Skia.Wpf\POSUNO.Skia.Wpf.csproj", "{019D36A1-5894-445F-9389-FEF1AA8C11E5}"
EndProject
Project("{FAE04EC0-301F-11D3-BF4B-00C04F79EFBC}") = "POSUNO.Skia.Gtk", "POSUNO\POSUNO.Skia.Gtk\POSUNO.Skia.Gtk.csproj", "{A0BA9103-70A5-4CBC-82A6-969FAAE6B507}"
EndProject
Project("{FAE04EC0-301F-11D3-BF4B-00C04F79EFBC}") = "POSUNO.Skia.Tizen", "POSUNO\POSUNO.Skia.Tizen\POSUNO.Skia.Tizen.csproj", "{FFAB5BF1-D633-4483-B7E0-75340F6BF501}"
EndProject
Global
	GlobalSection(SharedMSBuildProjectFiles) = preSolution
		POSUNO\POSUNO.Shared\POSUNO.Shared.projitems*{019d36a1-5894-445f-9389-fef1aa8c11e5}*SharedItemsImports = 5
		POSUNO\POSUNO.Shared\POSUNO.Shared.projitems*{10f28065-fb70-4bf3-b788-c9f01d4c3e89}*SharedItemsImports = 4
		POSUNO\POSUNO.Shared\POSUNO.Shared.projitems*{417b4058-49d1-4e4b-88c3-d28b50f9fb41}*SharedItemsImports = 4
		POSUNO\POSUNO.Shared\POSUNO.Shared.projitems*{5c06c9be-8760-456e-bd78-ec7e09700110}*SharedItemsImports = 5
		POSUNO\POSUNO.Shared\POSUNO.Shared.projitems*{6279c845-92f8-4333-ab99-3d213163593c}*SharedItemsImports = 13
		POSUNO\POSUNO.Shared\POSUNO.Shared.projitems*{84937b3c-0dcd-477f-8d96-f2bc87fa9e3c}*SharedItemsImports = 4
		POSUNO\POSUNO.Shared\POSUNO.Shared.projitems*{a0ba9103-70a5-4cbc-82a6-969faae6b507}*SharedItemsImports = 5
		POSUNO\POSUNO.Shared\POSUNO.Shared.projitems*{ad79376b-0302-41c7-9cd4-5a30049defeb}*SharedItemsImports = 4
		POSUNO\POSUNO.Shared\POSUNO.Shared.projitems*{ffab5bf1-d633-4483-b7e0-75340f6bf501}*SharedItemsImports = 5
	EndGlobalSection
	GlobalSection(SolutionConfigurationPlatforms) = preSolution
		Ad-Hoc|Any CPU = Ad-Hoc|Any CPU
		Ad-Hoc|ARM = Ad-Hoc|ARM
		Ad-Hoc|ARM64 = Ad-Hoc|ARM64
		Ad-Hoc|iPhone = Ad-Hoc|iPhone
		Ad-Hoc|iPhoneSimulator = Ad-Hoc|iPhoneSimulator
		Ad-Hoc|x64 = Ad-Hoc|x64
		Ad-Hoc|x86 = Ad-Hoc|x86
		AppStore|Any CPU = AppStore|Any CPU
		AppStore|ARM = AppStore|ARM
		AppStore|ARM64 = AppStore|ARM64
		AppStore|iPhone = AppStore|iPhone
		AppStore|iPhoneSimulator = AppStore|iPhoneSimulator
		AppStore|x64 = AppStore|x64
		AppStore|x86 = AppStore|x86
		Debug|Any CPU = Debug|Any CPU
		Debug|ARM = Debug|ARM
		Debug|ARM64 = Debug|ARM64
		Debug|iPhone = Debug|iPhone
		Debug|iPhoneSimulator = Debug|iPhoneSimulator
		Debug|x64 = Debug|x64
		Debug|x86 = Debug|x86
		Release|Any CPU = Release|Any CPU
		Release|ARM = Release|ARM
		Release|ARM64 = Release|ARM64
		Release|iPhone = Release|iPhone
		Release|iPhoneSimulator = Release|iPhoneSimulator
		Release|x64 = Release|x64
		Release|x86 = Release|x86
	EndGlobalSection
	GlobalSection(ProjectConfigurationPlatforms) = postSolution
		{417B4058-49D1-4E4B-88C3-D28B50F9FB41}.Ad-Hoc|Any CPU.ActiveCfg = Debug|Any CPU
		{417B4058-49D1-4E4B-88C3-D28B50F9FB41}.Ad-Hoc|Any CPU.Build.0 = Debug|Any CPU
		{417B4058-49D1-4E4B-88C3-D28B50F9FB41}.Ad-Hoc|Any CPU.Deploy.0 = Debug|Any CPU
		{417B4058-49D1-4E4B-88C3-D28B50F9FB41}.Ad-Hoc|ARM.ActiveCfg = Debug|Any CPU
		{417B4058-49D1-4E4B-88C3-D28B50F9FB41}.Ad-Hoc|ARM.Build.0 = Debug|Any CPU
		{417B4058-49D1-4E4B-88C3-D28B50F9FB41}.Ad-Hoc|ARM.Deploy.0 = Debug|Any CPU
		{417B4058-49D1-4E4B-88C3-D28B50F9FB41}.Ad-Hoc|ARM64.ActiveCfg = Debug|Any CPU
		{417B4058-49D1-4E4B-88C3-D28B50F9FB41}.Ad-Hoc|ARM64.Build.0 = Debug|Any CPU
		{417B4058-49D1-4E4B-88C3-D28B50F9FB41}.Ad-Hoc|ARM64.Deploy.0 = Debug|Any CPU
		{417B4058-49D1-4E4B-88C3-D28B50F9FB41}.Ad-Hoc|iPhone.ActiveCfg = Debug|Any CPU
		{417B4058-49D1-4E4B-88C3-D28B50F9FB41}.Ad-Hoc|iPhone.Build.0 = Debug|Any CPU
		{417B4058-49D1-4E4B-88C3-D28B50F9FB41}.Ad-Hoc|iPhone.Deploy.0 = Debug|Any CPU
		{417B4058-49D1-4E4B-88C3-D28B50F9FB41}.Ad-Hoc|iPhoneSimulator.ActiveCfg = Debug|Any CPU
		{417B4058-49D1-4E4B-88C3-D28B50F9FB41}.Ad-Hoc|iPhoneSimulator.Build.0 = Debug|Any CPU
		{417B4058-49D1-4E4B-88C3-D28B50F9FB41}.Ad-Hoc|iPhoneSimulator.Deploy.0 = Debug|Any CPU
		{417B4058-49D1-4E4B-88C3-D28B50F9FB41}.Ad-Hoc|x64.ActiveCfg = Debug|Any CPU
		{417B4058-49D1-4E4B-88C3-D28B50F9FB41}.Ad-Hoc|x64.Build.0 = Debug|Any CPU
		{417B4058-49D1-4E4B-88C3-D28B50F9FB41}.Ad-Hoc|x64.Deploy.0 = Debug|Any CPU
		{417B4058-49D1-4E4B-88C3-D28B50F9FB41}.Ad-Hoc|x86.ActiveCfg = Debug|Any CPU
		{417B4058-49D1-4E4B-88C3-D28B50F9FB41}.Ad-Hoc|x86.Build.0 = Debug|Any CPU
		{417B4058-49D1-4E4B-88C3-D28B50F9FB41}.Ad-Hoc|x86.Deploy.0 = Debug|Any CPU
		{417B4058-49D1-4E4B-88C3-D28B50F9FB41}.AppStore|Any CPU.ActiveCfg = Debug|Any CPU
		{417B4058-49D1-4E4B-88C3-D28B50F9FB41}.AppStore|Any CPU.Build.0 = Debug|Any CPU
		{417B4058-49D1-4E4B-88C3-D28B50F9FB41}.AppStore|Any CPU.Deploy.0 = Debug|Any CPU
		{417B4058-49D1-4E4B-88C3-D28B50F9FB41}.AppStore|ARM.ActiveCfg = Debug|Any CPU
		{417B4058-49D1-4E4B-88C3-D28B50F9FB41}.AppStore|ARM.Build.0 = Debug|Any CPU
		{417B4058-49D1-4E4B-88C3-D28B50F9FB41}.AppStore|ARM.Deploy.0 = Debug|Any CPU
		{417B4058-49D1-4E4B-88C3-D28B50F9FB41}.AppStore|ARM64.ActiveCfg = Debug|Any CPU
		{417B4058-49D1-4E4B-88C3-D28B50F9FB41}.AppStore|ARM64.Build.0 = Debug|Any CPU
		{417B4058-49D1-4E4B-88C3-D28B50F9FB41}.AppStore|ARM64.Deploy.0 = Debug|Any CPU
		{417B4058-49D1-4E4B-88C3-D28B50F9FB41}.AppStore|iPhone.ActiveCfg = Debug|Any CPU
		{417B4058-49D1-4E4B-88C3-D28B50F9FB41}.AppStore|iPhone.Build.0 = Debug|Any CPU
		{417B4058-49D1-4E4B-88C3-D28B50F9FB41}.AppStore|iPhone.Deploy.0 = Debug|Any CPU
		{417B4058-49D1-4E4B-88C3-D28B50F9FB41}.AppStore|iPhoneSimulator.ActiveCfg = Debug|Any CPU
		{417B4058-49D1-4E4B-88C3-D28B50F9FB41}.AppStore|iPhoneSimulator.Build.0 = Debug|Any CPU
		{417B4058-49D1-4E4B-88C3-D28B50F9FB41}.AppStore|iPhoneSimulator.Deploy.0 = Debug|Any CPU
		{417B4058-49D1-4E4B-88C3-D28B50F9FB41}.AppStore|x64.ActiveCfg = Debug|Any CPU
		{417B4058-49D1-4E4B-88C3-D28B50F9FB41}.AppStore|x64.Build.0 = Debug|Any CPU
		{417B4058-49D1-4E4B-88C3-D28B50F9FB41}.AppStore|x64.Deploy.0 = Debug|Any CPU
		{417B4058-49D1-4E4B-88C3-D28B50F9FB41}.AppStore|x86.ActiveCfg = Debug|Any CPU
		{417B4058-49D1-4E4B-88C3-D28B50F9FB41}.AppStore|x86.Build.0 = Debug|Any CPU
		{417B4058-49D1-4E4B-88C3-D28B50F9FB41}.AppStore|x86.Deploy.0 = Debug|Any CPU
		{417B4058-49D1-4E4B-88C3-D28B50F9FB41}.Debug|Any CPU.ActiveCfg = Debug|Any CPU
		{417B4058-49D1-4E4B-88C3-D28B50F9FB41}.Debug|Any CPU.Build.0 = Debug|Any CPU
		{417B4058-49D1-4E4B-88C3-D28B50F9FB41}.Debug|Any CPU.Deploy.0 = Debug|Any CPU
		{417B4058-49D1-4E4B-88C3-D28B50F9FB41}.Debug|ARM.ActiveCfg = Debug|Any CPU
		{417B4058-49D1-4E4B-88C3-D28B50F9FB41}.Debug|ARM.Build.0 = Debug|Any CPU
		{417B4058-49D1-4E4B-88C3-D28B50F9FB41}.Debug|ARM.Deploy.0 = Debug|Any CPU
		{417B4058-49D1-4E4B-88C3-D28B50F9FB41}.Debug|ARM64.ActiveCfg = Debug|Any CPU
		{417B4058-49D1-4E4B-88C3-D28B50F9FB41}.Debug|ARM64.Build.0 = Debug|Any CPU
		{417B4058-49D1-4E4B-88C3-D28B50F9FB41}.Debug|ARM64.Deploy.0 = Debug|Any CPU
		{417B4058-49D1-4E4B-88C3-D28B50F9FB41}.Debug|iPhone.ActiveCfg = Debug|Any CPU
		{417B4058-49D1-4E4B-88C3-D28B50F9FB41}.Debug|iPhone.Build.0 = Debug|Any CPU
		{417B4058-49D1-4E4B-88C3-D28B50F9FB41}.Debug|iPhone.Deploy.0 = Debug|Any CPU
		{417B4058-49D1-4E4B-88C3-D28B50F9FB41}.Debug|iPhoneSimulator.ActiveCfg = Debug|Any CPU
		{417B4058-49D1-4E4B-88C3-D28B50F9FB41}.Debug|iPhoneSimulator.Build.0 = Debug|Any CPU
		{417B4058-49D1-4E4B-88C3-D28B50F9FB41}.Debug|iPhoneSimulator.Deploy.0 = Debug|Any CPU
		{417B4058-49D1-4E4B-88C3-D28B50F9FB41}.Debug|x64.ActiveCfg = Debug|Any CPU
		{417B4058-49D1-4E4B-88C3-D28B50F9FB41}.Debug|x64.Build.0 = Debug|Any CPU
		{417B4058-49D1-4E4B-88C3-D28B50F9FB41}.Debug|x64.Deploy.0 = Debug|Any CPU
		{417B4058-49D1-4E4B-88C3-D28B50F9FB41}.Debug|x86.ActiveCfg = Debug|Any CPU
		{417B4058-49D1-4E4B-88C3-D28B50F9FB41}.Debug|x86.Build.0 = Debug|Any CPU
		{417B4058-49D1-4E4B-88C3-D28B50F9FB41}.Debug|x86.Deploy.0 = Debug|Any CPU
		{417B4058-49D1-4E4B-88C3-D28B50F9FB41}.Release|Any CPU.ActiveCfg = Release|Any CPU
		{417B4058-49D1-4E4B-88C3-D28B50F9FB41}.Release|Any CPU.Build.0 = Release|Any CPU
		{417B4058-49D1-4E4B-88C3-D28B50F9FB41}.Release|Any CPU.Deploy.0 = Release|Any CPU
		{417B4058-49D1-4E4B-88C3-D28B50F9FB41}.Release|ARM.ActiveCfg = Release|Any CPU
		{417B4058-49D1-4E4B-88C3-D28B50F9FB41}.Release|ARM.Build.0 = Release|Any CPU
		{417B4058-49D1-4E4B-88C3-D28B50F9FB41}.Release|ARM.Deploy.0 = Release|Any CPU
		{417B4058-49D1-4E4B-88C3-D28B50F9FB41}.Release|ARM64.ActiveCfg = Release|Any CPU
		{417B4058-49D1-4E4B-88C3-D28B50F9FB41}.Release|ARM64.Build.0 = Release|Any CPU
		{417B4058-49D1-4E4B-88C3-D28B50F9FB41}.Release|ARM64.Deploy.0 = Release|Any CPU
		{417B4058-49D1-4E4B-88C3-D28B50F9FB41}.Release|iPhone.ActiveCfg = Release|Any CPU
		{417B4058-49D1-4E4B-88C3-D28B50F9FB41}.Release|iPhone.Build.0 = Release|Any CPU
		{417B4058-49D1-4E4B-88C3-D28B50F9FB41}.Release|iPhone.Deploy.0 = Release|Any CPU
		{417B4058-49D1-4E4B-88C3-D28B50F9FB41}.Release|iPhoneSimulator.ActiveCfg = Release|Any CPU
		{417B4058-49D1-4E4B-88C3-D28B50F9FB41}.Release|iPhoneSimulator.Build.0 = Release|Any CPU
		{417B4058-49D1-4E4B-88C3-D28B50F9FB41}.Release|iPhoneSimulator.Deploy.0 = Release|Any CPU
		{417B4058-49D1-4E4B-88C3-D28B50F9FB41}.Release|x64.ActiveCfg = Release|Any CPU
		{417B4058-49D1-4E4B-88C3-D28B50F9FB41}.Release|x64.Build.0 = Release|Any CPU
		{417B4058-49D1-4E4B-88C3-D28B50F9FB41}.Release|x64.Deploy.0 = Release|Any CPU
		{417B4058-49D1-4E4B-88C3-D28B50F9FB41}.Release|x86.ActiveCfg = Release|Any CPU
		{417B4058-49D1-4E4B-88C3-D28B50F9FB41}.Release|x86.Build.0 = Release|Any CPU
		{417B4058-49D1-4E4B-88C3-D28B50F9FB41}.Release|x86.Deploy.0 = Release|Any CPU
		{10F28065-FB70-4BF3-B788-C9F01D4C3E89}.Ad-Hoc|Any CPU.ActiveCfg = Ad-Hoc|iPhoneSimulator
		{10F28065-FB70-4BF3-B788-C9F01D4C3E89}.Ad-Hoc|ARM.ActiveCfg = Ad-Hoc|iPhoneSimulator
		{10F28065-FB70-4BF3-B788-C9F01D4C3E89}.Ad-Hoc|ARM64.ActiveCfg = Ad-Hoc|iPhoneSimulator
		{10F28065-FB70-4BF3-B788-C9F01D4C3E89}.Ad-Hoc|iPhone.ActiveCfg = Ad-Hoc|iPhone
		{10F28065-FB70-4BF3-B788-C9F01D4C3E89}.Ad-Hoc|iPhone.Build.0 = Ad-Hoc|iPhone
		{10F28065-FB70-4BF3-B788-C9F01D4C3E89}.Ad-Hoc|iPhoneSimulator.ActiveCfg = Ad-Hoc|iPhoneSimulator
		{10F28065-FB70-4BF3-B788-C9F01D4C3E89}.Ad-Hoc|iPhoneSimulator.Build.0 = Ad-Hoc|iPhoneSimulator
		{10F28065-FB70-4BF3-B788-C9F01D4C3E89}.Ad-Hoc|x64.ActiveCfg = Ad-Hoc|iPhoneSimulator
		{10F28065-FB70-4BF3-B788-C9F01D4C3E89}.Ad-Hoc|x86.ActiveCfg = Ad-Hoc|iPhoneSimulator
		{10F28065-FB70-4BF3-B788-C9F01D4C3E89}.AppStore|Any CPU.ActiveCfg = AppStore|iPhoneSimulator
		{10F28065-FB70-4BF3-B788-C9F01D4C3E89}.AppStore|ARM.ActiveCfg = AppStore|iPhoneSimulator
		{10F28065-FB70-4BF3-B788-C9F01D4C3E89}.AppStore|ARM64.ActiveCfg = AppStore|iPhoneSimulator
		{10F28065-FB70-4BF3-B788-C9F01D4C3E89}.AppStore|iPhone.ActiveCfg = AppStore|iPhone
		{10F28065-FB70-4BF3-B788-C9F01D4C3E89}.AppStore|iPhone.Build.0 = AppStore|iPhone
		{10F28065-FB70-4BF3-B788-C9F01D4C3E89}.AppStore|iPhoneSimulator.ActiveCfg = AppStore|iPhoneSimulator
		{10F28065-FB70-4BF3-B788-C9F01D4C3E89}.AppStore|iPhoneSimulator.Build.0 = AppStore|iPhoneSimulator
		{10F28065-FB70-4BF3-B788-C9F01D4C3E89}.AppStore|x64.ActiveCfg = AppStore|iPhoneSimulator
		{10F28065-FB70-4BF3-B788-C9F01D4C3E89}.AppStore|x86.ActiveCfg = AppStore|iPhoneSimulator
		{10F28065-FB70-4BF3-B788-C9F01D4C3E89}.Debug|Any CPU.ActiveCfg = Debug|iPhoneSimulator
		{10F28065-FB70-4BF3-B788-C9F01D4C3E89}.Debug|ARM.ActiveCfg = Debug|iPhoneSimulator
		{10F28065-FB70-4BF3-B788-C9F01D4C3E89}.Debug|ARM64.ActiveCfg = Debug|iPhoneSimulator
		{10F28065-FB70-4BF3-B788-C9F01D4C3E89}.Debug|iPhone.ActiveCfg = Debug|iPhone
		{10F28065-FB70-4BF3-B788-C9F01D4C3E89}.Debug|iPhone.Build.0 = Debug|iPhone
		{10F28065-FB70-4BF3-B788-C9F01D4C3E89}.Debug|iPhoneSimulator.ActiveCfg = Debug|iPhoneSimulator
		{10F28065-FB70-4BF3-B788-C9F01D4C3E89}.Debug|iPhoneSimulator.Build.0 = Debug|iPhoneSimulator
		{10F28065-FB70-4BF3-B788-C9F01D4C3E89}.Debug|x64.ActiveCfg = Debug|iPhoneSimulator
		{10F28065-FB70-4BF3-B788-C9F01D4C3E89}.Debug|x86.ActiveCfg = Debug|iPhoneSimulator
		{10F28065-FB70-4BF3-B788-C9F01D4C3E89}.Release|Any CPU.ActiveCfg = Release|iPhoneSimulator
		{10F28065-FB70-4BF3-B788-C9F01D4C3E89}.Release|ARM.ActiveCfg = Release|iPhoneSimulator
		{10F28065-FB70-4BF3-B788-C9F01D4C3E89}.Release|ARM64.ActiveCfg = Release|iPhoneSimulator
		{10F28065-FB70-4BF3-B788-C9F01D4C3E89}.Release|iPhone.ActiveCfg = Release|iPhone
		{10F28065-FB70-4BF3-B788-C9F01D4C3E89}.Release|iPhone.Build.0 = Release|iPhone
		{10F28065-FB70-4BF3-B788-C9F01D4C3E89}.Release|iPhoneSimulator.ActiveCfg = Release|iPhoneSimulator
		{10F28065-FB70-4BF3-B788-C9F01D4C3E89}.Release|iPhoneSimulator.Build.0 = Release|iPhoneSimulator
		{10F28065-FB70-4BF3-B788-C9F01D4C3E89}.Release|x64.ActiveCfg = Release|iPhoneSimulator
		{10F28065-FB70-4BF3-B788-C9F01D4C3E89}.Release|x86.ActiveCfg = Release|iPhoneSimulator
		{AD79376B-0302-41C7-9CD4-5A30049DEFEB}.Ad-Hoc|Any CPU.ActiveCfg = Debug|x86
		{AD79376B-0302-41C7-9CD4-5A30049DEFEB}.Ad-Hoc|Any CPU.Build.0 = Debug|x86
		{AD79376B-0302-41C7-9CD4-5A30049DEFEB}.Ad-Hoc|Any CPU.Deploy.0 = Debug|x86
		{AD79376B-0302-41C7-9CD4-5A30049DEFEB}.Ad-Hoc|ARM.ActiveCfg = Debug|ARM
		{AD79376B-0302-41C7-9CD4-5A30049DEFEB}.Ad-Hoc|ARM.Build.0 = Debug|ARM
		{AD79376B-0302-41C7-9CD4-5A30049DEFEB}.Ad-Hoc|ARM.Deploy.0 = Debug|ARM
		{AD79376B-0302-41C7-9CD4-5A30049DEFEB}.Ad-Hoc|ARM64.ActiveCfg = Debug|ARM64
		{AD79376B-0302-41C7-9CD4-5A30049DEFEB}.Ad-Hoc|ARM64.Build.0 = Debug|ARM64
		{AD79376B-0302-41C7-9CD4-5A30049DEFEB}.Ad-Hoc|ARM64.Deploy.0 = Debug|ARM64
		{AD79376B-0302-41C7-9CD4-5A30049DEFEB}.Ad-Hoc|iPhone.ActiveCfg = Debug|x86
		{AD79376B-0302-41C7-9CD4-5A30049DEFEB}.Ad-Hoc|iPhone.Build.0 = Debug|x86
		{AD79376B-0302-41C7-9CD4-5A30049DEFEB}.Ad-Hoc|iPhone.Deploy.0 = Debug|x86
		{AD79376B-0302-41C7-9CD4-5A30049DEFEB}.Ad-Hoc|iPhoneSimulator.ActiveCfg = Debug|x86
		{AD79376B-0302-41C7-9CD4-5A30049DEFEB}.Ad-Hoc|iPhoneSimulator.Build.0 = Debug|x86
		{AD79376B-0302-41C7-9CD4-5A30049DEFEB}.Ad-Hoc|iPhoneSimulator.Deploy.0 = Debug|x86
		{AD79376B-0302-41C7-9CD4-5A30049DEFEB}.Ad-Hoc|x64.ActiveCfg = Debug|x64
		{AD79376B-0302-41C7-9CD4-5A30049DEFEB}.Ad-Hoc|x64.Build.0 = Debug|x64
		{AD79376B-0302-41C7-9CD4-5A30049DEFEB}.Ad-Hoc|x64.Deploy.0 = Debug|x64
		{AD79376B-0302-41C7-9CD4-5A30049DEFEB}.Ad-Hoc|x86.ActiveCfg = Debug|x86
		{AD79376B-0302-41C7-9CD4-5A30049DEFEB}.Ad-Hoc|x86.Build.0 = Debug|x86
		{AD79376B-0302-41C7-9CD4-5A30049DEFEB}.Ad-Hoc|x86.Deploy.0 = Debug|x86
		{AD79376B-0302-41C7-9CD4-5A30049DEFEB}.AppStore|Any CPU.ActiveCfg = Debug|x86
		{AD79376B-0302-41C7-9CD4-5A30049DEFEB}.AppStore|Any CPU.Build.0 = Debug|x86
		{AD79376B-0302-41C7-9CD4-5A30049DEFEB}.AppStore|Any CPU.Deploy.0 = Debug|x86
		{AD79376B-0302-41C7-9CD4-5A30049DEFEB}.AppStore|ARM.ActiveCfg = Debug|ARM
		{AD79376B-0302-41C7-9CD4-5A30049DEFEB}.AppStore|ARM.Build.0 = Debug|ARM
		{AD79376B-0302-41C7-9CD4-5A30049DEFEB}.AppStore|ARM.Deploy.0 = Debug|ARM
		{AD79376B-0302-41C7-9CD4-5A30049DEFEB}.AppStore|ARM64.ActiveCfg = Debug|ARM64
		{AD79376B-0302-41C7-9CD4-5A30049DEFEB}.AppStore|ARM64.Build.0 = Debug|ARM64
		{AD79376B-0302-41C7-9CD4-5A30049DEFEB}.AppStore|ARM64.Deploy.0 = Debug|ARM64
		{AD79376B-0302-41C7-9CD4-5A30049DEFEB}.AppStore|iPhone.ActiveCfg = Debug|x86
		{AD79376B-0302-41C7-9CD4-5A30049DEFEB}.AppStore|iPhone.Build.0 = Debug|x86
		{AD79376B-0302-41C7-9CD4-5A30049DEFEB}.AppStore|iPhone.Deploy.0 = Debug|x86
		{AD79376B-0302-41C7-9CD4-5A30049DEFEB}.AppStore|iPhoneSimulator.ActiveCfg = Debug|x86
		{AD79376B-0302-41C7-9CD4-5A30049DEFEB}.AppStore|iPhoneSimulator.Build.0 = Debug|x86
		{AD79376B-0302-41C7-9CD4-5A30049DEFEB}.AppStore|iPhoneSimulator.Deploy.0 = Debug|x86
		{AD79376B-0302-41C7-9CD4-5A30049DEFEB}.AppStore|x64.ActiveCfg = Debug|x64
		{AD79376B-0302-41C7-9CD4-5A30049DEFEB}.AppStore|x64.Build.0 = Debug|x64
		{AD79376B-0302-41C7-9CD4-5A30049DEFEB}.AppStore|x64.Deploy.0 = Debug|x64
		{AD79376B-0302-41C7-9CD4-5A30049DEFEB}.AppStore|x86.ActiveCfg = Debug|x86
		{AD79376B-0302-41C7-9CD4-5A30049DEFEB}.AppStore|x86.Build.0 = Debug|x86
		{AD79376B-0302-41C7-9CD4-5A30049DEFEB}.AppStore|x86.Deploy.0 = Debug|x86
		{AD79376B-0302-41C7-9CD4-5A30049DEFEB}.Debug|Any CPU.ActiveCfg = Debug|x86
		{AD79376B-0302-41C7-9CD4-5A30049DEFEB}.Debug|Any CPU.Build.0 = Debug|x86
		{AD79376B-0302-41C7-9CD4-5A30049DEFEB}.Debug|Any CPU.Deploy.0 = Debug|x86
		{AD79376B-0302-41C7-9CD4-5A30049DEFEB}.Debug|ARM.ActiveCfg = Debug|ARM
		{AD79376B-0302-41C7-9CD4-5A30049DEFEB}.Debug|ARM.Build.0 = Debug|ARM
		{AD79376B-0302-41C7-9CD4-5A30049DEFEB}.Debug|ARM.Deploy.0 = Debug|ARM
		{AD79376B-0302-41C7-9CD4-5A30049DEFEB}.Debug|ARM64.ActiveCfg = Debug|ARM64
		{AD79376B-0302-41C7-9CD4-5A30049DEFEB}.Debug|ARM64.Build.0 = Debug|ARM64
		{AD79376B-0302-41C7-9CD4-5A30049DEFEB}.Debug|ARM64.Deploy.0 = Debug|ARM64
		{AD79376B-0302-41C7-9CD4-5A30049DEFEB}.Debug|iPhone.ActiveCfg = Debug|x86
		{AD79376B-0302-41C7-9CD4-5A30049DEFEB}.Debug|iPhoneSimulator.ActiveCfg = Debug|x86
		{AD79376B-0302-41C7-9CD4-5A30049DEFEB}.Debug|x64.ActiveCfg = Debug|x64
		{AD79376B-0302-41C7-9CD4-5A30049DEFEB}.Debug|x64.Build.0 = Debug|x64
		{AD79376B-0302-41C7-9CD4-5A30049DEFEB}.Debug|x64.Deploy.0 = Debug|x64
		{AD79376B-0302-41C7-9CD4-5A30049DEFEB}.Debug|x86.ActiveCfg = Debug|x86
		{AD79376B-0302-41C7-9CD4-5A30049DEFEB}.Debug|x86.Build.0 = Debug|x86
		{AD79376B-0302-41C7-9CD4-5A30049DEFEB}.Debug|x86.Deploy.0 = Debug|x86
		{AD79376B-0302-41C7-9CD4-5A30049DEFEB}.Release|Any CPU.ActiveCfg = Release|x86
		{AD79376B-0302-41C7-9CD4-5A30049DEFEB}.Release|ARM.ActiveCfg = Release|ARM
		{AD79376B-0302-41C7-9CD4-5A30049DEFEB}.Release|ARM.Build.0 = Release|ARM
		{AD79376B-0302-41C7-9CD4-5A30049DEFEB}.Release|ARM.Deploy.0 = Release|ARM
		{AD79376B-0302-41C7-9CD4-5A30049DEFEB}.Release|ARM64.ActiveCfg = Release|ARM64
		{AD79376B-0302-41C7-9CD4-5A30049DEFEB}.Release|ARM64.Build.0 = Release|ARM64
		{AD79376B-0302-41C7-9CD4-5A30049DEFEB}.Release|ARM64.Deploy.0 = Release|ARM64
		{AD79376B-0302-41C7-9CD4-5A30049DEFEB}.Release|iPhone.ActiveCfg = Release|x86
		{AD79376B-0302-41C7-9CD4-5A30049DEFEB}.Release|iPhoneSimulator.ActiveCfg = Release|x86
		{AD79376B-0302-41C7-9CD4-5A30049DEFEB}.Release|x64.ActiveCfg = Release|x64
		{AD79376B-0302-41C7-9CD4-5A30049DEFEB}.Release|x64.Build.0 = Release|x64
		{AD79376B-0302-41C7-9CD4-5A30049DEFEB}.Release|x64.Deploy.0 = Release|x64
		{AD79376B-0302-41C7-9CD4-5A30049DEFEB}.Release|x86.ActiveCfg = Release|x86
		{AD79376B-0302-41C7-9CD4-5A30049DEFEB}.Release|x86.Build.0 = Release|x86
		{AD79376B-0302-41C7-9CD4-5A30049DEFEB}.Release|x86.Deploy.0 = Release|x86
		{5C06C9BE-8760-456E-BD78-EC7E09700110}.Ad-Hoc|Any CPU.ActiveCfg = Debug|Any CPU
		{5C06C9BE-8760-456E-BD78-EC7E09700110}.Ad-Hoc|Any CPU.Build.0 = Debug|Any CPU
		{5C06C9BE-8760-456E-BD78-EC7E09700110}.Ad-Hoc|ARM.ActiveCfg = Debug|Any CPU
		{5C06C9BE-8760-456E-BD78-EC7E09700110}.Ad-Hoc|ARM.Build.0 = Debug|Any CPU
		{5C06C9BE-8760-456E-BD78-EC7E09700110}.Ad-Hoc|ARM64.ActiveCfg = Debug|Any CPU
		{5C06C9BE-8760-456E-BD78-EC7E09700110}.Ad-Hoc|ARM64.Build.0 = Debug|Any CPU
		{5C06C9BE-8760-456E-BD78-EC7E09700110}.Ad-Hoc|iPhone.ActiveCfg = Debug|Any CPU
		{5C06C9BE-8760-456E-BD78-EC7E09700110}.Ad-Hoc|iPhone.Build.0 = Debug|Any CPU
		{5C06C9BE-8760-456E-BD78-EC7E09700110}.Ad-Hoc|iPhoneSimulator.ActiveCfg = Debug|Any CPU
		{5C06C9BE-8760-456E-BD78-EC7E09700110}.Ad-Hoc|iPhoneSimulator.Build.0 = Debug|Any CPU
		{5C06C9BE-8760-456E-BD78-EC7E09700110}.Ad-Hoc|x64.ActiveCfg = Debug|Any CPU
		{5C06C9BE-8760-456E-BD78-EC7E09700110}.Ad-Hoc|x64.Build.0 = Debug|Any CPU
		{5C06C9BE-8760-456E-BD78-EC7E09700110}.Ad-Hoc|x86.ActiveCfg = Debug|Any CPU
		{5C06C9BE-8760-456E-BD78-EC7E09700110}.Ad-Hoc|x86.Build.0 = Debug|Any CPU
		{5C06C9BE-8760-456E-BD78-EC7E09700110}.AppStore|Any CPU.ActiveCfg = Debug|Any CPU
		{5C06C9BE-8760-456E-BD78-EC7E09700110}.AppStore|Any CPU.Build.0 = Debug|Any CPU
		{5C06C9BE-8760-456E-BD78-EC7E09700110}.AppStore|ARM.ActiveCfg = Debug|Any CPU
		{5C06C9BE-8760-456E-BD78-EC7E09700110}.AppStore|ARM.Build.0 = Debug|Any CPU
		{5C06C9BE-8760-456E-BD78-EC7E09700110}.AppStore|ARM64.ActiveCfg = Debug|Any CPU
		{5C06C9BE-8760-456E-BD78-EC7E09700110}.AppStore|ARM64.Build.0 = Debug|Any CPU
		{5C06C9BE-8760-456E-BD78-EC7E09700110}.AppStore|iPhone.ActiveCfg = Debug|Any CPU
		{5C06C9BE-8760-456E-BD78-EC7E09700110}.AppStore|iPhone.Build.0 = Debug|Any CPU
		{5C06C9BE-8760-456E-BD78-EC7E09700110}.AppStore|iPhoneSimulator.ActiveCfg = Debug|Any CPU
		{5C06C9BE-8760-456E-BD78-EC7E09700110}.AppStore|iPhoneSimulator.Build.0 = Debug|Any CPU
		{5C06C9BE-8760-456E-BD78-EC7E09700110}.AppStore|x64.ActiveCfg = Debug|Any CPU
		{5C06C9BE-8760-456E-BD78-EC7E09700110}.AppStore|x64.Build.0 = Debug|Any CPU
		{5C06C9BE-8760-456E-BD78-EC7E09700110}.AppStore|x86.ActiveCfg = Debug|Any CPU
		{5C06C9BE-8760-456E-BD78-EC7E09700110}.AppStore|x86.Build.0 = Debug|Any CPU
		{5C06C9BE-8760-456E-BD78-EC7E09700110}.Debug|Any CPU.ActiveCfg = Debug|Any CPU
		{5C06C9BE-8760-456E-BD78-EC7E09700110}.Debug|Any CPU.Build.0 = Debug|Any CPU
		{5C06C9BE-8760-456E-BD78-EC7E09700110}.Debug|ARM.ActiveCfg = Debug|Any CPU
		{5C06C9BE-8760-456E-BD78-EC7E09700110}.Debug|ARM.Build.0 = Debug|Any CPU
		{5C06C9BE-8760-456E-BD78-EC7E09700110}.Debug|ARM64.ActiveCfg = Debug|Any CPU
		{5C06C9BE-8760-456E-BD78-EC7E09700110}.Debug|ARM64.Build.0 = Debug|Any CPU
		{5C06C9BE-8760-456E-BD78-EC7E09700110}.Debug|iPhone.ActiveCfg = Debug|Any CPU
		{5C06C9BE-8760-456E-BD78-EC7E09700110}.Debug|iPhone.Build.0 = Debug|Any CPU
		{5C06C9BE-8760-456E-BD78-EC7E09700110}.Debug|iPhoneSimulator.ActiveCfg = Debug|Any CPU
		{5C06C9BE-8760-456E-BD78-EC7E09700110}.Debug|iPhoneSimulator.Build.0 = Debug|Any CPU
		{5C06C9BE-8760-456E-BD78-EC7E09700110}.Debug|x64.ActiveCfg = Debug|Any CPU
		{5C06C9BE-8760-456E-BD78-EC7E09700110}.Debug|x64.Build.0 = Debug|Any CPU
		{5C06C9BE-8760-456E-BD78-EC7E09700110}.Debug|x86.ActiveCfg = Debug|Any CPU
		{5C06C9BE-8760-456E-BD78-EC7E09700110}.Debug|x86.Build.0 = Debug|Any CPU
		{5C06C9BE-8760-456E-BD78-EC7E09700110}.Release|Any CPU.ActiveCfg = Release|Any CPU
		{5C06C9BE-8760-456E-BD78-EC7E09700110}.Release|Any CPU.Build.0 = Release|Any CPU
		{5C06C9BE-8760-456E-BD78-EC7E09700110}.Release|ARM.ActiveCfg = Release|Any CPU
		{5C06C9BE-8760-456E-BD78-EC7E09700110}.Release|ARM.Build.0 = Release|Any CPU
		{5C06C9BE-8760-456E-BD78-EC7E09700110}.Release|ARM64.ActiveCfg = Release|Any CPU
		{5C06C9BE-8760-456E-BD78-EC7E09700110}.Release|ARM64.Build.0 = Release|Any CPU
		{5C06C9BE-8760-456E-BD78-EC7E09700110}.Release|iPhone.ActiveCfg = Release|Any CPU
		{5C06C9BE-8760-456E-BD78-EC7E09700110}.Release|iPhone.Build.0 = Release|Any CPU
		{5C06C9BE-8760-456E-BD78-EC7E09700110}.Release|iPhoneSimulator.ActiveCfg = Release|Any CPU
		{5C06C9BE-8760-456E-BD78-EC7E09700110}.Release|iPhoneSimulator.Build.0 = Release|Any CPU
		{5C06C9BE-8760-456E-BD78-EC7E09700110}.Release|x64.ActiveCfg = Release|Any CPU
		{5C06C9BE-8760-456E-BD78-EC7E09700110}.Release|x64.Build.0 = Release|Any CPU
		{5C06C9BE-8760-456E-BD78-EC7E09700110}.Release|x86.ActiveCfg = Release|Any CPU
		{5C06C9BE-8760-456E-BD78-EC7E09700110}.Release|x86.Build.0 = Release|Any CPU
		{84937B3C-0DCD-477F-8D96-F2BC87FA9E3C}.Ad-Hoc|Any CPU.ActiveCfg = Debug|iPhoneSimulator
		{84937B3C-0DCD-477F-8D96-F2BC87FA9E3C}.Ad-Hoc|Any CPU.Build.0 = Debug|iPhoneSimulator
		{84937B3C-0DCD-477F-8D96-F2BC87FA9E3C}.Ad-Hoc|ARM.ActiveCfg = Debug|iPhoneSimulator
		{84937B3C-0DCD-477F-8D96-F2BC87FA9E3C}.Ad-Hoc|ARM.Build.0 = Debug|iPhoneSimulator
		{84937B3C-0DCD-477F-8D96-F2BC87FA9E3C}.Ad-Hoc|ARM64.ActiveCfg = Debug|iPhoneSimulator
		{84937B3C-0DCD-477F-8D96-F2BC87FA9E3C}.Ad-Hoc|ARM64.Build.0 = Debug|iPhoneSimulator
		{84937B3C-0DCD-477F-8D96-F2BC87FA9E3C}.Ad-Hoc|iPhone.ActiveCfg = Debug|iPhoneSimulator
		{84937B3C-0DCD-477F-8D96-F2BC87FA9E3C}.Ad-Hoc|iPhone.Build.0 = Debug|iPhoneSimulator
		{84937B3C-0DCD-477F-8D96-F2BC87FA9E3C}.Ad-Hoc|iPhoneSimulator.ActiveCfg = Debug|iPhoneSimulator
		{84937B3C-0DCD-477F-8D96-F2BC87FA9E3C}.Ad-Hoc|iPhoneSimulator.Build.0 = Debug|iPhoneSimulator
		{84937B3C-0DCD-477F-8D96-F2BC87FA9E3C}.Ad-Hoc|x64.ActiveCfg = Debug|iPhoneSimulator
		{84937B3C-0DCD-477F-8D96-F2BC87FA9E3C}.Ad-Hoc|x64.Build.0 = Debug|iPhoneSimulator
		{84937B3C-0DCD-477F-8D96-F2BC87FA9E3C}.Ad-Hoc|x86.ActiveCfg = Debug|iPhoneSimulator
		{84937B3C-0DCD-477F-8D96-F2BC87FA9E3C}.Ad-Hoc|x86.Build.0 = Debug|iPhoneSimulator
		{84937B3C-0DCD-477F-8D96-F2BC87FA9E3C}.AppStore|Any CPU.ActiveCfg = Debug|iPhoneSimulator
		{84937B3C-0DCD-477F-8D96-F2BC87FA9E3C}.AppStore|Any CPU.Build.0 = Debug|iPhoneSimulator
		{84937B3C-0DCD-477F-8D96-F2BC87FA9E3C}.AppStore|ARM.ActiveCfg = Debug|iPhoneSimulator
		{84937B3C-0DCD-477F-8D96-F2BC87FA9E3C}.AppStore|ARM.Build.0 = Debug|iPhoneSimulator
		{84937B3C-0DCD-477F-8D96-F2BC87FA9E3C}.AppStore|ARM64.ActiveCfg = Debug|iPhoneSimulator
		{84937B3C-0DCD-477F-8D96-F2BC87FA9E3C}.AppStore|ARM64.Build.0 = Debug|iPhoneSimulator
		{84937B3C-0DCD-477F-8D96-F2BC87FA9E3C}.AppStore|iPhone.ActiveCfg = Debug|iPhoneSimulator
		{84937B3C-0DCD-477F-8D96-F2BC87FA9E3C}.AppStore|iPhone.Build.0 = Debug|iPhoneSimulator
		{84937B3C-0DCD-477F-8D96-F2BC87FA9E3C}.AppStore|iPhoneSimulator.ActiveCfg = Debug|iPhoneSimulator
		{84937B3C-0DCD-477F-8D96-F2BC87FA9E3C}.AppStore|iPhoneSimulator.Build.0 = Debug|iPhoneSimulator
		{84937B3C-0DCD-477F-8D96-F2BC87FA9E3C}.AppStore|x64.ActiveCfg = Debug|iPhoneSimulator
		{84937B3C-0DCD-477F-8D96-F2BC87FA9E3C}.AppStore|x64.Build.0 = Debug|iPhoneSimulator
		{84937B3C-0DCD-477F-8D96-F2BC87FA9E3C}.AppStore|x86.ActiveCfg = Debug|iPhoneSimulator
		{84937B3C-0DCD-477F-8D96-F2BC87FA9E3C}.AppStore|x86.Build.0 = Debug|iPhoneSimulator
		{84937B3C-0DCD-477F-8D96-F2BC87FA9E3C}.Debug|Any CPU.ActiveCfg = Debug|iPhoneSimulator
		{84937B3C-0DCD-477F-8D96-F2BC87FA9E3C}.Debug|ARM.ActiveCfg = Debug|iPhoneSimulator
		{84937B3C-0DCD-477F-8D96-F2BC87FA9E3C}.Debug|ARM64.ActiveCfg = Debug|iPhoneSimulator
		{84937B3C-0DCD-477F-8D96-F2BC87FA9E3C}.Debug|iPhone.ActiveCfg = Debug|iPhoneSimulator
		{84937B3C-0DCD-477F-8D96-F2BC87FA9E3C}.Debug|iPhoneSimulator.ActiveCfg = Debug|iPhoneSimulator
		{84937B3C-0DCD-477F-8D96-F2BC87FA9E3C}.Debug|iPhoneSimulator.Build.0 = Debug|iPhoneSimulator
		{84937B3C-0DCD-477F-8D96-F2BC87FA9E3C}.Debug|x64.ActiveCfg = Debug|iPhoneSimulator
		{84937B3C-0DCD-477F-8D96-F2BC87FA9E3C}.Debug|x86.ActiveCfg = Debug|iPhoneSimulator
		{84937B3C-0DCD-477F-8D96-F2BC87FA9E3C}.Release|Any CPU.ActiveCfg = Release|iPhoneSimulator
		{84937B3C-0DCD-477F-8D96-F2BC87FA9E3C}.Release|ARM.ActiveCfg = Release|iPhoneSimulator
		{84937B3C-0DCD-477F-8D96-F2BC87FA9E3C}.Release|ARM64.ActiveCfg = Release|iPhoneSimulator
		{84937B3C-0DCD-477F-8D96-F2BC87FA9E3C}.Release|iPhone.ActiveCfg = Release|iPhoneSimulator
		{84937B3C-0DCD-477F-8D96-F2BC87FA9E3C}.Release|iPhoneSimulator.ActiveCfg = Release|iPhoneSimulator
		{84937B3C-0DCD-477F-8D96-F2BC87FA9E3C}.Release|iPhoneSimulator.Build.0 = Release|iPhoneSimulator
		{84937B3C-0DCD-477F-8D96-F2BC87FA9E3C}.Release|x64.ActiveCfg = Release|iPhoneSimulator
		{84937B3C-0DCD-477F-8D96-F2BC87FA9E3C}.Release|x86.ActiveCfg = Release|iPhoneSimulator
		{EB9296A2-55F8-4E0D-8E35-2E38FA7799D0}.Ad-Hoc|Any CPU.ActiveCfg = Debug|Any CPU
		{EB9296A2-55F8-4E0D-8E35-2E38FA7799D0}.Ad-Hoc|Any CPU.Build.0 = Debug|Any CPU
		{EB9296A2-55F8-4E0D-8E35-2E38FA7799D0}.Ad-Hoc|ARM.ActiveCfg = Debug|Any CPU
		{EB9296A2-55F8-4E0D-8E35-2E38FA7799D0}.Ad-Hoc|ARM.Build.0 = Debug|Any CPU
		{EB9296A2-55F8-4E0D-8E35-2E38FA7799D0}.Ad-Hoc|ARM64.ActiveCfg = Debug|Any CPU
		{EB9296A2-55F8-4E0D-8E35-2E38FA7799D0}.Ad-Hoc|ARM64.Build.0 = Debug|Any CPU
		{EB9296A2-55F8-4E0D-8E35-2E38FA7799D0}.Ad-Hoc|iPhone.ActiveCfg = Debug|Any CPU
		{EB9296A2-55F8-4E0D-8E35-2E38FA7799D0}.Ad-Hoc|iPhone.Build.0 = Debug|Any CPU
		{EB9296A2-55F8-4E0D-8E35-2E38FA7799D0}.Ad-Hoc|iPhoneSimulator.ActiveCfg = Debug|Any CPU
		{EB9296A2-55F8-4E0D-8E35-2E38FA7799D0}.Ad-Hoc|iPhoneSimulator.Build.0 = Debug|Any CPU
		{EB9296A2-55F8-4E0D-8E35-2E38FA7799D0}.Ad-Hoc|x64.ActiveCfg = Debug|Any CPU
		{EB9296A2-55F8-4E0D-8E35-2E38FA7799D0}.Ad-Hoc|x64.Build.0 = Debug|Any CPU
		{EB9296A2-55F8-4E0D-8E35-2E38FA7799D0}.Ad-Hoc|x86.ActiveCfg = Debug|Any CPU
		{EB9296A2-55F8-4E0D-8E35-2E38FA7799D0}.Ad-Hoc|x86.Build.0 = Debug|Any CPU
		{EB9296A2-55F8-4E0D-8E35-2E38FA7799D0}.AppStore|Any CPU.ActiveCfg = Debug|Any CPU
		{EB9296A2-55F8-4E0D-8E35-2E38FA7799D0}.AppStore|Any CPU.Build.0 = Debug|Any CPU
		{EB9296A2-55F8-4E0D-8E35-2E38FA7799D0}.AppStore|ARM.ActiveCfg = Debug|Any CPU
		{EB9296A2-55F8-4E0D-8E35-2E38FA7799D0}.AppStore|ARM.Build.0 = Debug|Any CPU
		{EB9296A2-55F8-4E0D-8E35-2E38FA7799D0}.AppStore|ARM64.ActiveCfg = Debug|Any CPU
		{EB9296A2-55F8-4E0D-8E35-2E38FA7799D0}.AppStore|ARM64.Build.0 = Debug|Any CPU
		{EB9296A2-55F8-4E0D-8E35-2E38FA7799D0}.AppStore|iPhone.ActiveCfg = Debug|Any CPU
		{EB9296A2-55F8-4E0D-8E35-2E38FA7799D0}.AppStore|iPhone.Build.0 = Debug|Any CPU
		{EB9296A2-55F8-4E0D-8E35-2E38FA7799D0}.AppStore|iPhoneSimulator.ActiveCfg = Debug|Any CPU
		{EB9296A2-55F8-4E0D-8E35-2E38FA7799D0}.AppStore|iPhoneSimulator.Build.0 = Debug|Any CPU
		{EB9296A2-55F8-4E0D-8E35-2E38FA7799D0}.AppStore|x64.ActiveCfg = Debug|Any CPU
		{EB9296A2-55F8-4E0D-8E35-2E38FA7799D0}.AppStore|x64.Build.0 = Debug|Any CPU
		{EB9296A2-55F8-4E0D-8E35-2E38FA7799D0}.AppStore|x86.ActiveCfg = Debug|Any CPU
		{EB9296A2-55F8-4E0D-8E35-2E38FA7799D0}.AppStore|x86.Build.0 = Debug|Any CPU
		{EB9296A2-55F8-4E0D-8E35-2E38FA7799D0}.Debug|Any CPU.ActiveCfg = Debug|Any CPU
		{EB9296A2-55F8-4E0D-8E35-2E38FA7799D0}.Debug|Any CPU.Build.0 = Debug|Any CPU
		{EB9296A2-55F8-4E0D-8E35-2E38FA7799D0}.Debug|ARM.ActiveCfg = Debug|Any CPU
		{EB9296A2-55F8-4E0D-8E35-2E38FA7799D0}.Debug|ARM.Build.0 = Debug|Any CPU
		{EB9296A2-55F8-4E0D-8E35-2E38FA7799D0}.Debug|ARM64.ActiveCfg = Debug|Any CPU
		{EB9296A2-55F8-4E0D-8E35-2E38FA7799D0}.Debug|ARM64.Build.0 = Debug|Any CPU
		{EB9296A2-55F8-4E0D-8E35-2E38FA7799D0}.Debug|iPhone.ActiveCfg = Debug|Any CPU
		{EB9296A2-55F8-4E0D-8E35-2E38FA7799D0}.Debug|iPhone.Build.0 = Debug|Any CPU
		{EB9296A2-55F8-4E0D-8E35-2E38FA7799D0}.Debug|iPhoneSimulator.ActiveCfg = Debug|Any CPU
		{EB9296A2-55F8-4E0D-8E35-2E38FA7799D0}.Debug|iPhoneSimulator.Build.0 = Debug|Any CPU
		{EB9296A2-55F8-4E0D-8E35-2E38FA7799D0}.Debug|x64.ActiveCfg = Debug|Any CPU
		{EB9296A2-55F8-4E0D-8E35-2E38FA7799D0}.Debug|x64.Build.0 = Debug|Any CPU
		{EB9296A2-55F8-4E0D-8E35-2E38FA7799D0}.Debug|x86.ActiveCfg = Debug|Any CPU
		{EB9296A2-55F8-4E0D-8E35-2E38FA7799D0}.Debug|x86.Build.0 = Debug|Any CPU
		{EB9296A2-55F8-4E0D-8E35-2E38FA7799D0}.Release|Any CPU.ActiveCfg = Release|Any CPU
		{EB9296A2-55F8-4E0D-8E35-2E38FA7799D0}.Release|Any CPU.Build.0 = Release|Any CPU
		{EB9296A2-55F8-4E0D-8E35-2E38FA7799D0}.Release|ARM.ActiveCfg = Release|Any CPU
		{EB9296A2-55F8-4E0D-8E35-2E38FA7799D0}.Release|ARM.Build.0 = Release|Any CPU
		{EB9296A2-55F8-4E0D-8E35-2E38FA7799D0}.Release|ARM64.ActiveCfg = Release|Any CPU
		{EB9296A2-55F8-4E0D-8E35-2E38FA7799D0}.Release|ARM64.Build.0 = Release|Any CPU
		{EB9296A2-55F8-4E0D-8E35-2E38FA7799D0}.Release|iPhone.ActiveCfg = Release|Any CPU
		{EB9296A2-55F8-4E0D-8E35-2E38FA7799D0}.Release|iPhone.Build.0 = Release|Any CPU
		{EB9296A2-55F8-4E0D-8E35-2E38FA7799D0}.Release|iPhoneSimulator.ActiveCfg = Release|Any CPU
		{EB9296A2-55F8-4E0D-8E35-2E38FA7799D0}.Release|iPhoneSimulator.Build.0 = Release|Any CPU
		{EB9296A2-55F8-4E0D-8E35-2E38FA7799D0}.Release|x64.ActiveCfg = Release|Any CPU
		{EB9296A2-55F8-4E0D-8E35-2E38FA7799D0}.Release|x64.Build.0 = Release|Any CPU
		{EB9296A2-55F8-4E0D-8E35-2E38FA7799D0}.Release|x86.ActiveCfg = Release|Any CPU
		{EB9296A2-55F8-4E0D-8E35-2E38FA7799D0}.Release|x86.Build.0 = Release|Any CPU
		{019D36A1-5894-445F-9389-FEF1AA8C11E5}.Ad-Hoc|Any CPU.ActiveCfg = Debug|Any CPU
		{019D36A1-5894-445F-9389-FEF1AA8C11E5}.Ad-Hoc|Any CPU.Build.0 = Debug|Any CPU
		{019D36A1-5894-445F-9389-FEF1AA8C11E5}.Ad-Hoc|ARM.ActiveCfg = Debug|Any CPU
		{019D36A1-5894-445F-9389-FEF1AA8C11E5}.Ad-Hoc|ARM.Build.0 = Debug|Any CPU
		{019D36A1-5894-445F-9389-FEF1AA8C11E5}.Ad-Hoc|ARM64.ActiveCfg = Debug|Any CPU
		{019D36A1-5894-445F-9389-FEF1AA8C11E5}.Ad-Hoc|ARM64.Build.0 = Debug|Any CPU
		{019D36A1-5894-445F-9389-FEF1AA8C11E5}.Ad-Hoc|iPhone.ActiveCfg = Debug|Any CPU
		{019D36A1-5894-445F-9389-FEF1AA8C11E5}.Ad-Hoc|iPhone.Build.0 = Debug|Any CPU
		{019D36A1-5894-445F-9389-FEF1AA8C11E5}.Ad-Hoc|iPhoneSimulator.ActiveCfg = Debug|Any CPU
		{019D36A1-5894-445F-9389-FEF1AA8C11E5}.Ad-Hoc|iPhoneSimulator.Build.0 = Debug|Any CPU
		{019D36A1-5894-445F-9389-FEF1AA8C11E5}.Ad-Hoc|x64.ActiveCfg = Debug|Any CPU
		{019D36A1-5894-445F-9389-FEF1AA8C11E5}.Ad-Hoc|x64.Build.0 = Debug|Any CPU
		{019D36A1-5894-445F-9389-FEF1AA8C11E5}.Ad-Hoc|x86.ActiveCfg = Debug|Any CPU
		{019D36A1-5894-445F-9389-FEF1AA8C11E5}.Ad-Hoc|x86.Build.0 = Debug|Any CPU
		{019D36A1-5894-445F-9389-FEF1AA8C11E5}.AppStore|Any CPU.ActiveCfg = Debug|Any CPU
		{019D36A1-5894-445F-9389-FEF1AA8C11E5}.AppStore|Any CPU.Build.0 = Debug|Any CPU
		{019D36A1-5894-445F-9389-FEF1AA8C11E5}.AppStore|ARM.ActiveCfg = Debug|Any CPU
		{019D36A1-5894-445F-9389-FEF1AA8C11E5}.AppStore|ARM.Build.0 = Debug|Any CPU
		{019D36A1-5894-445F-9389-FEF1AA8C11E5}.AppStore|ARM64.ActiveCfg = Debug|Any CPU
		{019D36A1-5894-445F-9389-FEF1AA8C11E5}.AppStore|ARM64.Build.0 = Debug|Any CPU
		{019D36A1-5894-445F-9389-FEF1AA8C11E5}.AppStore|iPhone.ActiveCfg = Debug|Any CPU
		{019D36A1-5894-445F-9389-FEF1AA8C11E5}.AppStore|iPhone.Build.0 = Debug|Any CPU
		{019D36A1-5894-445F-9389-FEF1AA8C11E5}.AppStore|iPhoneSimulator.ActiveCfg = Debug|Any CPU
		{019D36A1-5894-445F-9389-FEF1AA8C11E5}.AppStore|iPhoneSimulator.Build.0 = Debug|Any CPU
		{019D36A1-5894-445F-9389-FEF1AA8C11E5}.AppStore|x64.ActiveCfg = Debug|Any CPU
		{019D36A1-5894-445F-9389-FEF1AA8C11E5}.AppStore|x64.Build.0 = Debug|Any CPU
		{019D36A1-5894-445F-9389-FEF1AA8C11E5}.AppStore|x86.ActiveCfg = Debug|Any CPU
		{019D36A1-5894-445F-9389-FEF1AA8C11E5}.AppStore|x86.Build.0 = Debug|Any CPU
		{019D36A1-5894-445F-9389-FEF1AA8C11E5}.Debug|Any CPU.ActiveCfg = Debug|Any CPU
		{019D36A1-5894-445F-9389-FEF1AA8C11E5}.Debug|Any CPU.Build.0 = Debug|Any CPU
		{019D36A1-5894-445F-9389-FEF1AA8C11E5}.Debug|ARM.ActiveCfg = Debug|Any CPU
		{019D36A1-5894-445F-9389-FEF1AA8C11E5}.Debug|ARM.Build.0 = Debug|Any CPU
		{019D36A1-5894-445F-9389-FEF1AA8C11E5}.Debug|ARM64.ActiveCfg = Debug|Any CPU
		{019D36A1-5894-445F-9389-FEF1AA8C11E5}.Debug|ARM64.Build.0 = Debug|Any CPU
		{019D36A1-5894-445F-9389-FEF1AA8C11E5}.Debug|iPhone.ActiveCfg = Debug|Any CPU
		{019D36A1-5894-445F-9389-FEF1AA8C11E5}.Debug|iPhone.Build.0 = Debug|Any CPU
		{019D36A1-5894-445F-9389-FEF1AA8C11E5}.Debug|iPhoneSimulator.ActiveCfg = Debug|Any CPU
		{019D36A1-5894-445F-9389-FEF1AA8C11E5}.Debug|iPhoneSimulator.Build.0 = Debug|Any CPU
		{019D36A1-5894-445F-9389-FEF1AA8C11E5}.Debug|x64.ActiveCfg = Debug|Any CPU
		{019D36A1-5894-445F-9389-FEF1AA8C11E5}.Debug|x64.Build.0 = Debug|Any CPU
		{019D36A1-5894-445F-9389-FEF1AA8C11E5}.Debug|x86.ActiveCfg = Debug|Any CPU
		{019D36A1-5894-445F-9389-FEF1AA8C11E5}.Debug|x86.Build.0 = Debug|Any CPU
		{019D36A1-5894-445F-9389-FEF1AA8C11E5}.Release|Any CPU.ActiveCfg = Release|Any CPU
		{019D36A1-5894-445F-9389-FEF1AA8C11E5}.Release|Any CPU.Build.0 = Release|Any CPU
		{019D36A1-5894-445F-9389-FEF1AA8C11E5}.Release|ARM.ActiveCfg = Release|Any CPU
		{019D36A1-5894-445F-9389-FEF1AA8C11E5}.Release|ARM.Build.0 = Release|Any CPU
		{019D36A1-5894-445F-9389-FEF1AA8C11E5}.Release|ARM64.ActiveCfg = Release|Any CPU
		{019D36A1-5894-445F-9389-FEF1AA8C11E5}.Release|ARM64.Build.0 = Release|Any CPU
		{019D36A1-5894-445F-9389-FEF1AA8C11E5}.Release|iPhone.ActiveCfg = Release|Any CPU
		{019D36A1-5894-445F-9389-FEF1AA8C11E5}.Release|iPhone.Build.0 = Release|Any CPU
		{019D36A1-5894-445F-9389-FEF1AA8C11E5}.Release|iPhoneSimulator.ActiveCfg = Release|Any CPU
		{019D36A1-5894-445F-9389-FEF1AA8C11E5}.Release|iPhoneSimulator.Build.0 = Release|Any CPU
		{019D36A1-5894-445F-9389-FEF1AA8C11E5}.Release|x64.ActiveCfg = Release|Any CPU
		{019D36A1-5894-445F-9389-FEF1AA8C11E5}.Release|x64.Build.0 = Release|Any CPU
		{019D36A1-5894-445F-9389-FEF1AA8C11E5}.Release|x86.ActiveCfg = Release|Any CPU
		{019D36A1-5894-445F-9389-FEF1AA8C11E5}.Release|x86.Build.0 = Release|Any CPU
		{A0BA9103-70A5-4CBC-82A6-969FAAE6B507}.Ad-Hoc|Any CPU.ActiveCfg = Debug|Any CPU
		{A0BA9103-70A5-4CBC-82A6-969FAAE6B507}.Ad-Hoc|Any CPU.Build.0 = Debug|Any CPU
		{A0BA9103-70A5-4CBC-82A6-969FAAE6B507}.Ad-Hoc|ARM.ActiveCfg = Debug|Any CPU
		{A0BA9103-70A5-4CBC-82A6-969FAAE6B507}.Ad-Hoc|ARM.Build.0 = Debug|Any CPU
		{A0BA9103-70A5-4CBC-82A6-969FAAE6B507}.Ad-Hoc|ARM64.ActiveCfg = Debug|Any CPU
		{A0BA9103-70A5-4CBC-82A6-969FAAE6B507}.Ad-Hoc|ARM64.Build.0 = Debug|Any CPU
		{A0BA9103-70A5-4CBC-82A6-969FAAE6B507}.Ad-Hoc|iPhone.ActiveCfg = Debug|Any CPU
		{A0BA9103-70A5-4CBC-82A6-969FAAE6B507}.Ad-Hoc|iPhone.Build.0 = Debug|Any CPU
		{A0BA9103-70A5-4CBC-82A6-969FAAE6B507}.Ad-Hoc|iPhoneSimulator.ActiveCfg = Debug|Any CPU
		{A0BA9103-70A5-4CBC-82A6-969FAAE6B507}.Ad-Hoc|iPhoneSimulator.Build.0 = Debug|Any CPU
		{A0BA9103-70A5-4CBC-82A6-969FAAE6B507}.Ad-Hoc|x64.ActiveCfg = Debug|Any CPU
		{A0BA9103-70A5-4CBC-82A6-969FAAE6B507}.Ad-Hoc|x64.Build.0 = Debug|Any CPU
		{A0BA9103-70A5-4CBC-82A6-969FAAE6B507}.Ad-Hoc|x86.ActiveCfg = Debug|Any CPU
		{A0BA9103-70A5-4CBC-82A6-969FAAE6B507}.Ad-Hoc|x86.Build.0 = Debug|Any CPU
		{A0BA9103-70A5-4CBC-82A6-969FAAE6B507}.AppStore|Any CPU.ActiveCfg = Debug|Any CPU
		{A0BA9103-70A5-4CBC-82A6-969FAAE6B507}.AppStore|Any CPU.Build.0 = Debug|Any CPU
		{A0BA9103-70A5-4CBC-82A6-969FAAE6B507}.AppStore|ARM.ActiveCfg = Debug|Any CPU
		{A0BA9103-70A5-4CBC-82A6-969FAAE6B507}.AppStore|ARM.Build.0 = Debug|Any CPU
		{A0BA9103-70A5-4CBC-82A6-969FAAE6B507}.AppStore|ARM64.ActiveCfg = Debug|Any CPU
		{A0BA9103-70A5-4CBC-82A6-969FAAE6B507}.AppStore|ARM64.Build.0 = Debug|Any CPU
		{A0BA9103-70A5-4CBC-82A6-969FAAE6B507}.AppStore|iPhone.ActiveCfg = Debug|Any CPU
		{A0BA9103-70A5-4CBC-82A6-969FAAE6B507}.AppStore|iPhone.Build.0 = Debug|Any CPU
		{A0BA9103-70A5-4CBC-82A6-969FAAE6B507}.AppStore|iPhoneSimulator.ActiveCfg = Debug|Any CPU
		{A0BA9103-70A5-4CBC-82A6-969FAAE6B507}.AppStore|iPhoneSimulator.Build.0 = Debug|Any CPU
		{A0BA9103-70A5-4CBC-82A6-969FAAE6B507}.AppStore|x64.ActiveCfg = Debug|Any CPU
		{A0BA9103-70A5-4CBC-82A6-969FAAE6B507}.AppStore|x64.Build.0 = Debug|Any CPU
		{A0BA9103-70A5-4CBC-82A6-969FAAE6B507}.AppStore|x86.ActiveCfg = Debug|Any CPU
		{A0BA9103-70A5-4CBC-82A6-969FAAE6B507}.AppStore|x86.Build.0 = Debug|Any CPU
		{A0BA9103-70A5-4CBC-82A6-969FAAE6B507}.Debug|Any CPU.ActiveCfg = Debug|Any CPU
		{A0BA9103-70A5-4CBC-82A6-969FAAE6B507}.Debug|Any CPU.Build.0 = Debug|Any CPU
		{A0BA9103-70A5-4CBC-82A6-969FAAE6B507}.Debug|ARM.ActiveCfg = Debug|Any CPU
		{A0BA9103-70A5-4CBC-82A6-969FAAE6B507}.Debug|ARM.Build.0 = Debug|Any CPU
		{A0BA9103-70A5-4CBC-82A6-969FAAE6B507}.Debug|ARM64.ActiveCfg = Debug|Any CPU
		{A0BA9103-70A5-4CBC-82A6-969FAAE6B507}.Debug|ARM64.Build.0 = Debug|Any CPU
		{A0BA9103-70A5-4CBC-82A6-969FAAE6B507}.Debug|iPhone.ActiveCfg = Debug|Any CPU
		{A0BA9103-70A5-4CBC-82A6-969FAAE6B507}.Debug|iPhone.Build.0 = Debug|Any CPU
		{A0BA9103-70A5-4CBC-82A6-969FAAE6B507}.Debug|iPhoneSimulator.ActiveCfg = Debug|Any CPU
		{A0BA9103-70A5-4CBC-82A6-969FAAE6B507}.Debug|iPhoneSimulator.Build.0 = Debug|Any CPU
		{A0BA9103-70A5-4CBC-82A6-969FAAE6B507}.Debug|x64.ActiveCfg = Debug|Any CPU
		{A0BA9103-70A5-4CBC-82A6-969FAAE6B507}.Debug|x64.Build.0 = Debug|Any CPU
		{A0BA9103-70A5-4CBC-82A6-969FAAE6B507}.Debug|x86.ActiveCfg = Debug|Any CPU
		{A0BA9103-70A5-4CBC-82A6-969FAAE6B507}.Debug|x86.Build.0 = Debug|Any CPU
		{A0BA9103-70A5-4CBC-82A6-969FAAE6B507}.Release|Any CPU.ActiveCfg = Release|Any CPU
		{A0BA9103-70A5-4CBC-82A6-969FAAE6B507}.Release|Any CPU.Build.0 = Release|Any CPU
		{A0BA9103-70A5-4CBC-82A6-969FAAE6B507}.Release|ARM.ActiveCfg = Release|Any CPU
		{A0BA9103-70A5-4CBC-82A6-969FAAE6B507}.Release|ARM.Build.0 = Release|Any CPU
		{A0BA9103-70A5-4CBC-82A6-969FAAE6B507}.Release|ARM64.ActiveCfg = Release|Any CPU
		{A0BA9103-70A5-4CBC-82A6-969FAAE6B507}.Release|ARM64.Build.0 = Release|Any CPU
		{A0BA9103-70A5-4CBC-82A6-969FAAE6B507}.Release|iPhone.ActiveCfg = Release|Any CPU
		{A0BA9103-70A5-4CBC-82A6-969FAAE6B507}.Release|iPhone.Build.0 = Release|Any CPU
		{A0BA9103-70A5-4CBC-82A6-969FAAE6B507}.Release|iPhoneSimulator.ActiveCfg = Release|Any CPU
		{A0BA9103-70A5-4CBC-82A6-969FAAE6B507}.Release|iPhoneSimulator.Build.0 = Release|Any CPU
		{A0BA9103-70A5-4CBC-82A6-969FAAE6B507}.Release|x64.ActiveCfg = Release|Any CPU
		{A0BA9103-70A5-4CBC-82A6-969FAAE6B507}.Release|x64.Build.0 = Release|Any CPU
		{A0BA9103-70A5-4CBC-82A6-969FAAE6B507}.Release|x86.ActiveCfg = Release|Any CPU
		{A0BA9103-70A5-4CBC-82A6-969FAAE6B507}.Release|x86.Build.0 = Release|Any CPU
		{FFAB5BF1-D633-4483-B7E0-75340F6BF501}.Ad-Hoc|Any CPU.ActiveCfg = Debug|Any CPU
		{FFAB5BF1-D633-4483-B7E0-75340F6BF501}.Ad-Hoc|Any CPU.Build.0 = Debug|Any CPU
		{FFAB5BF1-D633-4483-B7E0-75340F6BF501}.Ad-Hoc|ARM.ActiveCfg = Debug|Any CPU
		{FFAB5BF1-D633-4483-B7E0-75340F6BF501}.Ad-Hoc|ARM.Build.0 = Debug|Any CPU
		{FFAB5BF1-D633-4483-B7E0-75340F6BF501}.Ad-Hoc|ARM64.ActiveCfg = Debug|Any CPU
		{FFAB5BF1-D633-4483-B7E0-75340F6BF501}.Ad-Hoc|ARM64.Build.0 = Debug|Any CPU
		{FFAB5BF1-D633-4483-B7E0-75340F6BF501}.Ad-Hoc|iPhone.ActiveCfg = Debug|Any CPU
		{FFAB5BF1-D633-4483-B7E0-75340F6BF501}.Ad-Hoc|iPhone.Build.0 = Debug|Any CPU
		{FFAB5BF1-D633-4483-B7E0-75340F6BF501}.Ad-Hoc|iPhoneSimulator.ActiveCfg = Debug|Any CPU
		{FFAB5BF1-D633-4483-B7E0-75340F6BF501}.Ad-Hoc|iPhoneSimulator.Build.0 = Debug|Any CPU
		{FFAB5BF1-D633-4483-B7E0-75340F6BF501}.Ad-Hoc|x64.ActiveCfg = Debug|Any CPU
		{FFAB5BF1-D633-4483-B7E0-75340F6BF501}.Ad-Hoc|x64.Build.0 = Debug|Any CPU
		{FFAB5BF1-D633-4483-B7E0-75340F6BF501}.Ad-Hoc|x86.ActiveCfg = Debug|Any CPU
		{FFAB5BF1-D633-4483-B7E0-75340F6BF501}.Ad-Hoc|x86.Build.0 = Debug|Any CPU
		{FFAB5BF1-D633-4483-B7E0-75340F6BF501}.AppStore|Any CPU.ActiveCfg = Debug|Any CPU
		{FFAB5BF1-D633-4483-B7E0-75340F6BF501}.AppStore|Any CPU.Build.0 = Debug|Any CPU
		{FFAB5BF1-D633-4483-B7E0-75340F6BF501}.AppStore|ARM.ActiveCfg = Debug|Any CPU
		{FFAB5BF1-D633-4483-B7E0-75340F6BF501}.AppStore|ARM.Build.0 = Debug|Any CPU
		{FFAB5BF1-D633-4483-B7E0-75340F6BF501}.AppStore|ARM64.ActiveCfg = Debug|Any CPU
		{FFAB5BF1-D633-4483-B7E0-75340F6BF501}.AppStore|ARM64.Build.0 = Debug|Any CPU
		{FFAB5BF1-D633-4483-B7E0-75340F6BF501}.AppStore|iPhone.ActiveCfg = Debug|Any CPU
		{FFAB5BF1-D633-4483-B7E0-75340F6BF501}.AppStore|iPhone.Build.0 = Debug|Any CPU
		{FFAB5BF1-D633-4483-B7E0-75340F6BF501}.AppStore|iPhoneSimulator.ActiveCfg = Debug|Any CPU
		{FFAB5BF1-D633-4483-B7E0-75340F6BF501}.AppStore|iPhoneSimulator.Build.0 = Debug|Any CPU
		{FFAB5BF1-D633-4483-B7E0-75340F6BF501}.AppStore|x64.ActiveCfg = Debug|Any CPU
		{FFAB5BF1-D633-4483-B7E0-75340F6BF501}.AppStore|x64.Build.0 = Debug|Any CPU
		{FFAB5BF1-D633-4483-B7E0-75340F6BF501}.AppStore|x86.ActiveCfg = Debug|Any CPU
		{FFAB5BF1-D633-4483-B7E0-75340F6BF501}.AppStore|x86.Build.0 = Debug|Any CPU
		{FFAB5BF1-D633-4483-B7E0-75340F6BF501}.Debug|Any CPU.ActiveCfg = Debug|Any CPU
		{FFAB5BF1-D633-4483-B7E0-75340F6BF501}.Debug|Any CPU.Build.0 = Debug|Any CPU
		{FFAB5BF1-D633-4483-B7E0-75340F6BF501}.Debug|ARM.ActiveCfg = Debug|Any CPU
		{FFAB5BF1-D633-4483-B7E0-75340F6BF501}.Debug|ARM.Build.0 = Debug|Any CPU
		{FFAB5BF1-D633-4483-B7E0-75340F6BF501}.Debug|ARM64.ActiveCfg = Debug|Any CPU
		{FFAB5BF1-D633-4483-B7E0-75340F6BF501}.Debug|ARM64.Build.0 = Debug|Any CPU
		{FFAB5BF1-D633-4483-B7E0-75340F6BF501}.Debug|iPhone.ActiveCfg = Debug|Any CPU
		{FFAB5BF1-D633-4483-B7E0-75340F6BF501}.Debug|iPhone.Build.0 = Debug|Any CPU
		{FFAB5BF1-D633-4483-B7E0-75340F6BF501}.Debug|iPhoneSimulator.ActiveCfg = Debug|Any CPU
		{FFAB5BF1-D633-4483-B7E0-75340F6BF501}.Debug|iPhoneSimulator.Build.0 = Debug|Any CPU
		{FFAB5BF1-D633-4483-B7E0-75340F6BF501}.Debug|x64.ActiveCfg = Debug|Any CPU
		{FFAB5BF1-D633-4483-B7E0-75340F6BF501}.Debug|x64.Build.0 = Debug|Any CPU
		{FFAB5BF1-D633-4483-B7E0-75340F6BF501}.Debug|x86.ActiveCfg = Debug|Any CPU
		{FFAB5BF1-D633-4483-B7E0-75340F6BF501}.Debug|x86.Build.0 = Debug|Any CPU
		{FFAB5BF1-D633-4483-B7E0-75340F6BF501}.Release|Any CPU.ActiveCfg = Release|Any CPU
		{FFAB5BF1-D633-4483-B7E0-75340F6BF501}.Release|Any CPU.Build.0 = Release|Any CPU
		{FFAB5BF1-D633-4483-B7E0-75340F6BF501}.Release|ARM.ActiveCfg = Release|Any CPU
		{FFAB5BF1-D633-4483-B7E0-75340F6BF501}.Release|ARM.Build.0 = Release|Any CPU
		{FFAB5BF1-D633-4483-B7E0-75340F6BF501}.Release|ARM64.ActiveCfg = Release|Any CPU
		{FFAB5BF1-D633-4483-B7E0-75340F6BF501}.Release|ARM64.Build.0 = Release|Any CPU
		{FFAB5BF1-D633-4483-B7E0-75340F6BF501}.Release|iPhone.ActiveCfg = Release|Any CPU
		{FFAB5BF1-D633-4483-B7E0-75340F6BF501}.Release|iPhone.Build.0 = Release|Any CPU
		{FFAB5BF1-D633-4483-B7E0-75340F6BF501}.Release|iPhoneSimulator.ActiveCfg = Release|Any CPU
		{FFAB5BF1-D633-4483-B7E0-75340F6BF501}.Release|iPhoneSimulator.Build.0 = Release|Any CPU
		{FFAB5BF1-D633-4483-B7E0-75340F6BF501}.Release|x64.ActiveCfg = Release|Any CPU
		{FFAB5BF1-D633-4483-B7E0-75340F6BF501}.Release|x64.Build.0 = Release|Any CPU
		{FFAB5BF1-D633-4483-B7E0-75340F6BF501}.Release|x86.ActiveCfg = Release|Any CPU
		{FFAB5BF1-D633-4483-B7E0-75340F6BF501}.Release|x86.Build.0 = Release|Any CPU
	EndGlobalSection
	GlobalSection(SolutionProperties) = preSolution
		HideSolutionNode = FALSE
	EndGlobalSection
	GlobalSection(NestedProjects) = preSolution
		{417B4058-49D1-4E4B-88C3-D28B50F9FB41} = {230FAA85-0635-411B-8DDA-58C6B83AC656}
		{10F28065-FB70-4BF3-B788-C9F01D4C3E89} = {230FAA85-0635-411B-8DDA-58C6B83AC656}
		{AD79376B-0302-41C7-9CD4-5A30049DEFEB} = {230FAA85-0635-411B-8DDA-58C6B83AC656}
		{5C06C9BE-8760-456E-BD78-EC7E09700110} = {230FAA85-0635-411B-8DDA-58C6B83AC656}
		{84937B3C-0DCD-477F-8D96-F2BC87FA9E3C} = {230FAA85-0635-411B-8DDA-58C6B83AC656}
		{EB9296A2-55F8-4E0D-8E35-2E38FA7799D0} = {230FAA85-0635-411B-8DDA-58C6B83AC656}
		{019D36A1-5894-445F-9389-FEF1AA8C11E5} = {230FAA85-0635-411B-8DDA-58C6B83AC656}
		{A0BA9103-70A5-4CBC-82A6-969FAAE6B507} = {230FAA85-0635-411B-8DDA-58C6B83AC656}
		{FFAB5BF1-D633-4483-B7E0-75340F6BF501} = {230FAA85-0635-411B-8DDA-58C6B83AC656}
	EndGlobalSection
	GlobalSection(ExtensibilityGlobals) = postSolution
		SolutionGuid = {2AF0F336-3A0D-4CAF-8094-C7C846C2A8F7}
	EndGlobalSection
EndGlobal
